
Microsoft Visual Studio Solution File, Format Version 12.00
# Visual Studio Version 17
VisualStudioVersion = 17.2.32630.192
MinimumVisualStudioVersion = 10.0.40219.1
Project("{9A19103F-16F7-4668-BE54-9A1E7A4F7556}") = "LibraryMicroservice", "LibraryMicroservice\LibraryMicroservice.csproj", "{8634B4FC-8C05-45CC-B5F0-D9467CF2F462}"
EndProject
Project("{9A19103F-16F7-4668-BE54-9A1E7A4F7556}") = "LibraryMicroserviceTest", "LibraryMicroserviceTest\LibraryMicroserviceTest.csproj", "{4E665CE0-D756-4D81-B326-0BECDB6CA85F}"
EndProject
Project("{2150E333-8FDC-42A3-9474-1A3956D46DE8}") = "Solution Items", "Solution Items", "{992E94CE-937C-4193-8DB2-B406B1D70A39}"
	ProjectSection(SolutionItems) = preProject
		.editorconfig = .editorconfig
	EndProjectSection
EndProject
Global
	GlobalSection(SolutionConfigurationPlatforms) = preSolution
		Debug|Any CPU = Debug|Any CPU
		Release|Any CPU = Release|Any CPU
	EndGlobalSection
	GlobalSection(ProjectConfigurationPlatforms) = postSolution
		{8634B4FC-8C05-45CC-B5F0-D9467CF2F462}.Debug|Any CPU.ActiveCfg = Debug|Any CPU
		{8634B4FC-8C05-45CC-B5F0-D9467CF2F462}.Debug|Any CPU.Build.0 = Debug|Any CPU
		{8634B4FC-8C05-45CC-B5F0-D9467CF2F462}.Release|Any CPU.ActiveCfg = Release|Any CPU
		{8634B4FC-8C05-45CC-B5F0-D9467CF2F462}.Release|Any CPU.Build.0 = Release|Any CPU
		{4E665CE0-D756-4D81-B326-0BECDB6CA85F}.Debug|Any CPU.ActiveCfg = Debug|Any CPU
		{4E665CE0-D756-4D81-B326-0BECDB6CA85F}.Debug|Any CPU.Build.0 = Debug|Any CPU
		{4E665CE0-D756-4D81-B326-0BECDB6CA85F}.Release|Any CPU.ActiveCfg = Release|Any CPU
		{4E665CE0-D756-4D81-B326-0BECDB6CA85F}.Release|Any CPU.Build.0 = Release|Any CPU
	EndGlobalSection
	GlobalSection(SolutionProperties) = preSolution
		HideSolutionNode = FALSE
	EndGlobalSection
	GlobalSection(ExtensibilityGlobals) = postSolution
		SolutionGuid = {C4E90CB1-0F5C-4BFA-955D-02F6393718D0}
	EndGlobalSection
EndGlobal
